
Microsoft Visual Studio Solution File, Format Version 12.00
# Visual Studio Version 16
VisualStudioVersion = 16.0.33328.57
MinimumVisualStudioVersion = 10.0.40219.1
Project("{8BC9CEB8-8B4A-11D0-8D11-00A0C91BC942}") = "week03-assignment", "week03\week03.vcxproj", "{68B7E943-9CE4-4D02-85E1-A7D9E923A158}"
EndProject
Project("{8BC9CEB8-8B4A-11D0-8D11-00A0C91BC942}") = "week04-assignment", "week04-assignment\week04-assignment.vcxproj", "{4624026C-6CCA-4FAD-822D-22B7D8F19882}"
EndProject
Project("{8BC9CEB8-8B4A-11D0-8D11-00A0C91BC942}") = "week05-assignment", "week05-assignment\week05-assignment.vcxproj", "{927C48A9-3D30-4708-B80E-0B20E05F628A}"
EndProject
Project("{8BC9CEB8-8B4A-11D0-8D11-00A0C91BC942}") = "week02-assignment", "week02-assignment\week02-assignment.vcxproj", "{C1C5C4C2-4C91-4CE2-8123-2523C08AD4DD}"
EndProject
Global
	GlobalSection(SolutionConfigurationPlatforms) = preSolution
		Debug|x64 = Debug|x64
		Debug|x86 = Debug|x86
		Release|x64 = Release|x64
		Release|x86 = Release|x86
	EndGlobalSection
	GlobalSection(ProjectConfigurationPlatforms) = postSolution
		{68B7E943-9CE4-4D02-85E1-A7D9E923A158}.Debug|x64.ActiveCfg = Debug|x64
		{68B7E943-9CE4-4D02-85E1-A7D9E923A158}.Debug|x64.Build.0 = Debug|x64
		{68B7E943-9CE4-4D02-85E1-A7D9E923A158}.Debug|x86.ActiveCfg = Debug|Win32
		{68B7E943-9CE4-4D02-85E1-A7D9E923A158}.Debug|x86.Build.0 = Debug|Win32
		{68B7E943-9CE4-4D02-85E1-A7D9E923A158}.Release|x64.ActiveCfg = Release|x64
		{68B7E943-9CE4-4D02-85E1-A7D9E923A158}.Release|x64.Build.0 = Release|x64
		{68B7E943-9CE4-4D02-85E1-A7D9E923A158}.Release|x86.ActiveCfg = Release|Win32
		{68B7E943-9CE4-4D02-85E1-A7D9E923A158}.Release|x86.Build.0 = Release|Win32
		{4624026C-6CCA-4FAD-822D-22B7D8F19882}.Debug|x64.ActiveCfg = Debug|x64
		{4624026C-6CCA-4FAD-822D-22B7D8F19882}.Debug|x64.Build.0 = Debug|x64
		{4624026C-6CCA-4FAD-822D-22B7D8F19882}.Debug|x86.ActiveCfg = Debug|Win32
		{4624026C-6CCA-4FAD-822D-22B7D8F19882}.Debug|x86.Build.0 = Debug|Win32
		{4624026C-6CCA-4FAD-822D-22B7D8F19882}.Release|x64.ActiveCfg = Release|x64
		{4624026C-6CCA-4FAD-822D-22B7D8F19882}.Release|x64.Build.0 = Release|x64
		{4624026C-6CCA-4FAD-822D-22B7D8F19882}.Release|x86.ActiveCfg = Release|Win32
		{4624026C-6CCA-4FAD-822D-22B7D8F19882}.Release|x86.Build.0 = Release|Win32
		{927C48A9-3D30-4708-B80E-0B20E05F628A}.Debug|x64.ActiveCfg = Debug|x64
		{927C48A9-3D30-4708-B80E-0B20E05F628A}.Debug|x64.Build.0 = Debug|x64
		{927C48A9-3D30-4708-B80E-0B20E05F628A}.Debug|x86.ActiveCfg = Debug|Win32
		{927C48A9-3D30-4708-B80E-0B20E05F628A}.Debug|x86.Build.0 = Debug|Win32
		{927C48A9-3D30-4708-B80E-0B20E05F628A}.Release|x64.ActiveCfg = Release|x64
		{927C48A9-3D30-4708-B80E-0B20E05F628A}.Release|x64.Build.0 = Release|x64
		{927C48A9-3D30-4708-B80E-0B20E05F628A}.Release|x86.ActiveCfg = Release|Win32
		{927C48A9-3D30-4708-B80E-0B20E05F628A}.Release|x86.Build.0 = Release|Win32
		{C1C5C4C2-4C91-4CE2-8123-2523C08AD4DD}.Debug|x64.ActiveCfg = Debug|x64
		{C1C5C4C2-4C91-4CE2-8123-2523C08AD4DD}.Debug|x64.Build.0 = Debug|x64
		{C1C5C4C2-4C91-4CE2-8123-2523C08AD4DD}.Debug|x86.ActiveCfg = Debug|Win32
		{C1C5C4C2-4C91-4CE2-8123-2523C08AD4DD}.Debug|x86.Build.0 = Debug|Win32
		{C1C5C4C2-4C91-4CE2-8123-2523C08AD4DD}.Release|x64.ActiveCfg = Release|x64
		{C1C5C4C2-4C91-4CE2-8123-2523C08AD4DD}.Release|x64.Build.0 = Release|x64
		{C1C5C4C2-4C91-4CE2-8123-2523C08AD4DD}.Release|x86.ActiveCfg = Release|Win32
		{C1C5C4C2-4C91-4CE2-8123-2523C08AD4DD}.Release|x86.Build.0 = Release|Win32
	EndGlobalSection
	GlobalSection(SolutionProperties) = preSolution
		HideSolutionNode = FALSE
	EndGlobalSection
	GlobalSection(ExtensibilityGlobals) = postSolution
		SolutionGuid = {89324FC0-DA55-4A5C-9C47-0A458929559A}
	EndGlobalSection
EndGlobal
